
Microsoft Visual Studio Solution File, Format Version 12.00
# Visual Studio Version 17
VisualStudioVersion = 17.10.34916.146
MinimumVisualStudioVersion = 10.0.40219.1
Project("{FAE04EC0-301F-11D3-BF4B-00C04F79EFBC}") = "SearchingAlgorithms", "SearchingAlgorithms\SearchingAlgorithms.csproj", "{2D3F9AFB-08C2-4572-B3AC-0234D8B04568}"
EndProject
Global
	GlobalSection(SolutionConfigurationPlatforms) = preSolution
		Debug|Any CPU = Debug|Any CPU
		Release|Any CPU = Release|Any CPU
	EndGlobalSection
	GlobalSection(ProjectConfigurationPlatforms) = postSolution
		{2D3F9AFB-08C2-4572-B3AC-0234D8B04568}.Debug|Any CPU.ActiveCfg = Debug|Any CPU
		{2D3F9AFB-08C2-4572-B3AC-0234D8B04568}.Debug|Any CPU.Build.0 = Debug|Any CPU
		{2D3F9AFB-08C2-4572-B3AC-0234D8B04568}.Release|Any CPU.ActiveCfg = Release|Any CPU
		{2D3F9AFB-08C2-4572-B3AC-0234D8B04568}.Release|Any CPU.Build.0 = Release|Any CPU
	EndGlobalSection
	GlobalSection(SolutionProperties) = preSolution
		HideSolutionNode = FALSE
	EndGlobalSection
	GlobalSection(ExtensibilityGlobals) = postSolution
		SolutionGuid = {9AD0B028-04FF-4522-B807-970D351967F0}
	EndGlobalSection
EndGlobal
